
Microsoft Visual Studio Solution File, Format Version 12.00
# Visual Studio Version 16
VisualStudioVersion = 16.0.30907.101
MinimumVisualStudioVersion = 10.0.40219.1
Project("{9A19103F-16F7-4668-BE54-9A1E7A4F7556}") = "ChocolateProject", "Chocolate.Project\ChocolateProject.csproj", "{A70BDC71-B747-4ABA-A947-EA3BFD958D70}"
EndProject
Project("{9A19103F-16F7-4668-BE54-9A1E7A4F7556}") = "Chocolate.DataAccess", "Chocolate.DataAccess\Chocolate.DataAccess.csproj", "{C92EE475-4A39-4951-8EE0-B4348A8E7632}"
EndProject
Project("{9A19103F-16F7-4668-BE54-9A1E7A4F7556}") = "Chocolate.Business", "Chocolate.Business\Chocolate.Business.csproj", "{3F08F990-67D6-4AB1-94B2-EABE16050217}"
EndProject
Project("{9A19103F-16F7-4668-BE54-9A1E7A4F7556}") = "Chocolate.Eshop", "Chocolate.Eshop\Chocolate.Eshop.csproj", "{5B5212DD-1B82-4C8C-8C45-A54E12FD3461}"
EndProject
Project("{FAE04EC0-301F-11D3-BF4B-00C04F79EFBC}") = "Chocolate.Payment", "Chocolate.Payment\Chocolate.Payment.csproj", "{D896A79A-BF06-49AD-B226-949866EDB2AB}"
EndProject
Global
	GlobalSection(SolutionConfigurationPlatforms) = preSolution
		Debug|Any CPU = Debug|Any CPU
		Release|Any CPU = Release|Any CPU
	EndGlobalSection
	GlobalSection(ProjectConfigurationPlatforms) = postSolution
		{A70BDC71-B747-4ABA-A947-EA3BFD958D70}.Debug|Any CPU.ActiveCfg = Debug|Any CPU
		{A70BDC71-B747-4ABA-A947-EA3BFD958D70}.Debug|Any CPU.Build.0 = Debug|Any CPU
		{A70BDC71-B747-4ABA-A947-EA3BFD958D70}.Release|Any CPU.ActiveCfg = Release|Any CPU
		{A70BDC71-B747-4ABA-A947-EA3BFD958D70}.Release|Any CPU.Build.0 = Release|Any CPU
		{C92EE475-4A39-4951-8EE0-B4348A8E7632}.Debug|Any CPU.ActiveCfg = Debug|Any CPU
		{C92EE475-4A39-4951-8EE0-B4348A8E7632}.Debug|Any CPU.Build.0 = Debug|Any CPU
		{C92EE475-4A39-4951-8EE0-B4348A8E7632}.Release|Any CPU.ActiveCfg = Release|Any CPU
		{C92EE475-4A39-4951-8EE0-B4348A8E7632}.Release|Any CPU.Build.0 = Release|Any CPU
		{3F08F990-67D6-4AB1-94B2-EABE16050217}.Debug|Any CPU.ActiveCfg = Debug|Any CPU
		{3F08F990-67D6-4AB1-94B2-EABE16050217}.Debug|Any CPU.Build.0 = Debug|Any CPU
		{3F08F990-67D6-4AB1-94B2-EABE16050217}.Release|Any CPU.ActiveCfg = Release|Any CPU
		{3F08F990-67D6-4AB1-94B2-EABE16050217}.Release|Any CPU.Build.0 = Release|Any CPU
		{5B5212DD-1B82-4C8C-8C45-A54E12FD3461}.Debug|Any CPU.ActiveCfg = Debug|Any CPU
		{5B5212DD-1B82-4C8C-8C45-A54E12FD3461}.Debug|Any CPU.Build.0 = Debug|Any CPU
		{5B5212DD-1B82-4C8C-8C45-A54E12FD3461}.Release|Any CPU.ActiveCfg = Release|Any CPU
		{5B5212DD-1B82-4C8C-8C45-A54E12FD3461}.Release|Any CPU.Build.0 = Release|Any CPU
		{D896A79A-BF06-49AD-B226-949866EDB2AB}.Debug|Any CPU.ActiveCfg = Debug|Any CPU
		{D896A79A-BF06-49AD-B226-949866EDB2AB}.Debug|Any CPU.Build.0 = Debug|Any CPU
		{D896A79A-BF06-49AD-B226-949866EDB2AB}.Release|Any CPU.ActiveCfg = Release|Any CPU
		{D896A79A-BF06-49AD-B226-949866EDB2AB}.Release|Any CPU.Build.0 = Release|Any CPU
	EndGlobalSection
	GlobalSection(SolutionProperties) = preSolution
		HideSolutionNode = FALSE
	EndGlobalSection
	GlobalSection(ExtensibilityGlobals) = postSolution
		SolutionGuid = {03D1B57A-70E2-4319-B686-B3715D7C17B4}
	EndGlobalSection
EndGlobal
